
Microsoft Visual Studio Solution File, Format Version 12.00
# Visual Studio Version 17
VisualStudioVersion = 17.8.34728.176
MinimumVisualStudioVersion = 10.0.40219.1
Project("{9A19103F-16F7-4668-BE54-9A1E7A4F7556}") = "FileSorting", "FileSorting\FileSorting.csproj", "{A1362048-1AB9-4BA3-BADC-A5605F49E287}"
EndProject
Project("{9A19103F-16F7-4668-BE54-9A1E7A4F7556}") = "FileSorting.Common", "FileSorting.Common\FileSorting.Common.csproj", "{23745344-26C6-4C9A-8ECE-DEC0B6140776}"
EndProject
Project("{9A19103F-16F7-4668-BE54-9A1E7A4F7556}") = "FileSorting.Generator", "FileSorting.Generator\FileSorting.Generator.csproj", "{CDEFF0F4-477F-4F7D-958A-28CF18A3ECD4}"
EndProject
Project("{9A19103F-16F7-4668-BE54-9A1E7A4F7556}") = "FileSorting.Sorter", "FileSorting.Sorter\FileSorting.Sorter.csproj", "{BB657D8D-F650-4723-A827-30AC0D638F95}"
EndProject
Global
	GlobalSection(SolutionConfigurationPlatforms) = preSolution
		Debug|Any CPU = Debug|Any CPU
		Release|Any CPU = Release|Any CPU
	EndGlobalSection
	GlobalSection(ProjectConfigurationPlatforms) = postSolution
		{A1362048-1AB9-4BA3-BADC-A5605F49E287}.Debug|Any CPU.ActiveCfg = Debug|Any CPU
		{A1362048-1AB9-4BA3-BADC-A5605F49E287}.Debug|Any CPU.Build.0 = Debug|Any CPU
		{A1362048-1AB9-4BA3-BADC-A5605F49E287}.Release|Any CPU.ActiveCfg = Release|Any CPU
		{A1362048-1AB9-4BA3-BADC-A5605F49E287}.Release|Any CPU.Build.0 = Release|Any CPU
		{23745344-26C6-4C9A-8ECE-DEC0B6140776}.Debug|Any CPU.ActiveCfg = Debug|Any CPU
		{23745344-26C6-4C9A-8ECE-DEC0B6140776}.Debug|Any CPU.Build.0 = Debug|Any CPU
		{23745344-26C6-4C9A-8ECE-DEC0B6140776}.Release|Any CPU.ActiveCfg = Release|Any CPU
		{23745344-26C6-4C9A-8ECE-DEC0B6140776}.Release|Any CPU.Build.0 = Release|Any CPU
		{CDEFF0F4-477F-4F7D-958A-28CF18A3ECD4}.Debug|Any CPU.ActiveCfg = Debug|Any CPU
		{CDEFF0F4-477F-4F7D-958A-28CF18A3ECD4}.Debug|Any CPU.Build.0 = Debug|Any CPU
		{CDEFF0F4-477F-4F7D-958A-28CF18A3ECD4}.Release|Any CPU.ActiveCfg = Release|Any CPU
		{CDEFF0F4-477F-4F7D-958A-28CF18A3ECD4}.Release|Any CPU.Build.0 = Release|Any CPU
		{BB657D8D-F650-4723-A827-30AC0D638F95}.Debug|Any CPU.ActiveCfg = Debug|Any CPU
		{BB657D8D-F650-4723-A827-30AC0D638F95}.Debug|Any CPU.Build.0 = Debug|Any CPU
		{BB657D8D-F650-4723-A827-30AC0D638F95}.Release|Any CPU.ActiveCfg = Release|Any CPU
		{BB657D8D-F650-4723-A827-30AC0D638F95}.Release|Any CPU.Build.0 = Release|Any CPU
	EndGlobalSection
	GlobalSection(SolutionProperties) = preSolution
		HideSolutionNode = FALSE
	EndGlobalSection
	GlobalSection(ExtensibilityGlobals) = postSolution
		SolutionGuid = {0CD04339-888D-4FAC-B0DE-BBBAAF49FD90}
	EndGlobalSection
EndGlobal
